{
  "version": 4,
  "terraform_version": "0.14.5",
  "serial": 27,
  "lineage": "0f87395b-b766-6340-c9da-ffeb5e3f8ddd",
  "outputs": {},
  "resources": [
    {
      "mode": "managed",
      "type": "azurerm_bastion_host",
      "name": "bastion",
      "provider": "provider[\"registry.terraform.io/hashicorp/azurerm\"]",
      "instances": [
        {
          "schema_version": 0,
          "attributes": {
            "dns_name": "bst-1552bcf3-b50b-4fbd-ac34-067b52252010.bastion.azure.com",
            "id": "/subscriptions/5c1ab61c-145c-425b-bf9c-ec791dfa4cc9/resourceGroups/myTFResourceGroup/providers/Microsoft.Network/bastionHosts/bastionNewName",
            "ip_configuration": [
              {
                "name": "configuration",
                "public_ip_address_id": "/subscriptions/5c1ab61c-145c-425b-bf9c-ec791dfa4cc9/resourceGroups/myTFResourceGroup/providers/Microsoft.Network/publicIPAddresses/bastionip",
                "subnet_id": "/subscriptions/5c1ab61c-145c-425b-bf9c-ec791dfa4cc9/resourceGroups/myTFResourceGroup/providers/Microsoft.Network/virtualNetworks/myTFVnet/subnets/AzureBastionSubnet"
              }
            ],
            "location": "westus2",
            "name": "bastionNewName",
            "resource_group_name": "myTFResourceGroup",
            "tags": null,
            "timeouts": null
          },
          "sensitive_attributes": [],
          "private": "eyJlMmJmYjczMC1lY2FhLTExZTYtOGY4OC0zNDM2M2JjN2M0YzAiOnsiY3JlYXRlIjoxODAwMDAwMDAwMDAwLCJkZWxldGUiOjE4MDAwMDAwMDAwMDAsInJlYWQiOjMwMDAwMDAwMDAwMCwidXBkYXRlIjoxODAwMDAwMDAwMDAwfX0=",
          "dependencies": [
            "azurerm_public_ip.bastion",
            "azurerm_resource_group.rg",
            "azurerm_subnet.bastion"
          ]
        }
      ]
    },
    {
      "mode": "managed",
      "type": "azurerm_lb",
      "name": "lb",
      "provider": "provider[\"registry.terraform.io/hashicorp/azurerm\"]",
      "instances": [
        {
          "schema_version": 0,
          "attributes": {
            "frontend_ip_configuration": [
              {
                "id": "/subscriptions/5c1ab61c-145c-425b-bf9c-ec791dfa4cc9/resourceGroups/myTFResourceGroup/providers/Microsoft.Network/loadBalancers/loadBalancer/frontendIPConfigurations/publicIPAddress",
                "inbound_nat_rules": [],
                "load_balancer_rules": [
                  "/subscriptions/5c1ab61c-145c-425b-bf9c-ec791dfa4cc9/resourceGroups/myTFResourceGroup/providers/Microsoft.Network/loadBalancers/loadBalancer/loadBalancingRules/http"
                ],
                "name": "publicIPAddress",
                "outbound_rules": [],
                "private_ip_address": "",
                "private_ip_address_allocation": "Dynamic",
                "private_ip_address_version": "IPv4",
                "public_ip_address_id": "/subscriptions/5c1ab61c-145c-425b-bf9c-ec791dfa4cc9/resourceGroups/myTFResourceGroup/providers/Microsoft.Network/publicIPAddresses/myTFPublicIP",
                "public_ip_prefix_id": "",
                "subnet_id": "",
                "zones": []
              }
            ],
            "id": "/subscriptions/5c1ab61c-145c-425b-bf9c-ec791dfa4cc9/resourceGroups/myTFResourceGroup/providers/Microsoft.Network/loadBalancers/loadBalancer",
            "location": "westus2",
            "name": "loadBalancer",
            "private_ip_address": "",
            "private_ip_addresses": [],
            "resource_group_name": "myTFResourceGroup",
            "sku": "Basic",
            "tags": {},
            "timeouts": null
          },
          "sensitive_attributes": [],
          "private": "eyJlMmJmYjczMC1lY2FhLTExZTYtOGY4OC0zNDM2M2JjN2M0YzAiOnsiY3JlYXRlIjoxODAwMDAwMDAwMDAwLCJkZWxldGUiOjE4MDAwMDAwMDAwMDAsInJlYWQiOjMwMDAwMDAwMDAwMCwidXBkYXRlIjoxODAwMDAwMDAwMDAwfX0=",
          "dependencies": [
            "azurerm_public_ip.publicip",
            "azurerm_resource_group.rg"
          ]
        }
      ]
    },
    {
      "mode": "managed",
      "type": "azurerm_lb_backend_address_pool",
      "name": "albap",
      "provider": "provider[\"registry.terraform.io/hashicorp/azurerm\"]",
      "instances": [
        {
          "schema_version": 0,
          "attributes": {
            "backend_address": [],
            "backend_ip_configurations": [
              "/subscriptions/5c1ab61c-145c-425b-bf9c-ec791dfa4cc9/resourceGroups/myTFResourceGroup/providers/Microsoft.Compute/virtualMachineScaleSets/vmsset/virtualMachines/1/networkInterfaces/terraformnetworkprofile/ipConfigurations/IPConfiguration",
              "/subscriptions/5c1ab61c-145c-425b-bf9c-ec791dfa4cc9/resourceGroups/myTFResourceGroup/providers/Microsoft.Compute/virtualMachineScaleSets/vmsset/virtualMachines/2/networkInterfaces/terraformnetworkprofile/ipConfigurations/IPConfiguration",
              "/subscriptions/5c1ab61c-145c-425b-bf9c-ec791dfa4cc9/resourceGroups/myTFResourceGroup/providers/Microsoft.Compute/virtualMachineScaleSets/vmsset/virtualMachines/4/networkInterfaces/terraformnetworkprofile/ipConfigurations/IPConfiguration"
            ],
            "id": "/subscriptions/5c1ab61c-145c-425b-bf9c-ec791dfa4cc9/resourceGroups/myTFResourceGroup/providers/Microsoft.Network/loadBalancers/loadBalancer/backendAddressPools/BackEndAddressPool",
            "load_balancing_rules": [
              "/subscriptions/5c1ab61c-145c-425b-bf9c-ec791dfa4cc9/resourceGroups/myTFResourceGroup/providers/Microsoft.Network/loadBalancers/loadBalancer/loadBalancingRules/http"
            ],
            "loadbalancer_id": "/subscriptions/5c1ab61c-145c-425b-bf9c-ec791dfa4cc9/resourceGroups/myTFResourceGroup/providers/Microsoft.Network/loadBalancers/loadBalancer",
            "name": "BackEndAddressPool",
            "outbound_rules": [],
            "resource_group_name": "myTFResourceGroup",
            "timeouts": null
          },
          "sensitive_attributes": [],
          "private": "eyJlMmJmYjczMC1lY2FhLTExZTYtOGY4OC0zNDM2M2JjN2M0YzAiOnsiY3JlYXRlIjoxODAwMDAwMDAwMDAwLCJkZWxldGUiOjE4MDAwMDAwMDAwMDAsInJlYWQiOjMwMDAwMDAwMDAwMCwidXBkYXRlIjoxODAwMDAwMDAwMDAwfX0=",
          "dependencies": [
            "azurerm_lb.lb",
            "azurerm_public_ip.publicip",
            "azurerm_resource_group.rg"
          ]
        }
      ]
    },
    {
      "mode": "managed",
      "type": "azurerm_lb_rule",
      "name": "alr",
      "provider": "provider[\"registry.terraform.io/hashicorp/azurerm\"]",
      "instances": [
        {
          "schema_version": 0,
          "attributes": {
            "backend_address_pool_id": "/subscriptions/5c1ab61c-145c-425b-bf9c-ec791dfa4cc9/resourceGroups/myTFResourceGroup/providers/Microsoft.Network/loadBalancers/loadBalancer/backendAddressPools/BackEndAddressPool",
            "backend_port": 80,
            "disable_outbound_snat": false,
            "enable_floating_ip": false,
            "enable_tcp_reset": false,
            "frontend_ip_configuration_id": "/subscriptions/5c1ab61c-145c-425b-bf9c-ec791dfa4cc9/resourceGroups/myTFResourceGroup/providers/Microsoft.Network/loadBalancers/loadBalancer/frontendIPConfigurations/publicIPAddress",
            "frontend_ip_configuration_name": "publicIPAddress",
            "frontend_port": 80,
            "id": "/subscriptions/5c1ab61c-145c-425b-bf9c-ec791dfa4cc9/resourceGroups/myTFResourceGroup/providers/Microsoft.Network/loadBalancers/loadBalancer/loadBalancingRules/http",
            "idle_timeout_in_minutes": 4,
            "load_distribution": "Default",
            "loadbalancer_id": "/subscriptions/5c1ab61c-145c-425b-bf9c-ec791dfa4cc9/resourceGroups/myTFResourceGroup/providers/Microsoft.Network/loadBalancers/loadBalancer",
            "name": "http",
            "probe_id": "",
            "protocol": "Tcp",
            "resource_group_name": "myTFResourceGroup",
            "timeouts": null
          },
          "sensitive_attributes": [],
          "private": "eyJlMmJmYjczMC1lY2FhLTExZTYtOGY4OC0zNDM2M2JjN2M0YzAiOnsiY3JlYXRlIjoxODAwMDAwMDAwMDAwLCJkZWxldGUiOjE4MDAwMDAwMDAwMDAsInJlYWQiOjMwMDAwMDAwMDAwMCwidXBkYXRlIjoxODAwMDAwMDAwMDAwfX0=",
          "dependencies": [
            "azurerm_lb.lb",
            "azurerm_lb_backend_address_pool.albap",
            "azurerm_public_ip.publicip",
            "azurerm_resource_group.rg"
          ]
        }
      ]
    },
    {
      "mode": "managed",
      "type": "azurerm_public_ip",
      "name": "bastion",
      "provider": "provider[\"registry.terraform.io/hashicorp/azurerm\"]",
      "instances": [
        {
          "schema_version": 0,
          "attributes": {
            "allocation_method": "Static",
            "domain_name_label": null,
            "fqdn": null,
            "id": "/subscriptions/5c1ab61c-145c-425b-bf9c-ec791dfa4cc9/resourceGroups/myTFResourceGroup/providers/Microsoft.Network/publicIPAddresses/bastionip",
            "idle_timeout_in_minutes": 4,
            "ip_address": "40.125.96.247",
            "ip_version": "IPv4",
            "location": "westus2",
            "name": "bastionip",
            "public_ip_prefix_id": null,
            "resource_group_name": "myTFResourceGroup",
            "reverse_fqdn": null,
            "sku": "Standard",
            "tags": {},
            "timeouts": null,
            "zones": []
          },
          "sensitive_attributes": [],
          "private": "eyJlMmJmYjczMC1lY2FhLTExZTYtOGY4OC0zNDM2M2JjN2M0YzAiOnsiY3JlYXRlIjoxODAwMDAwMDAwMDAwLCJkZWxldGUiOjE4MDAwMDAwMDAwMDAsInJlYWQiOjMwMDAwMDAwMDAwMCwidXBkYXRlIjoxODAwMDAwMDAwMDAwfX0=",
          "dependencies": [
            "azurerm_resource_group.rg"
          ]
        }
      ]
    },
    {
      "mode": "managed",
      "type": "azurerm_public_ip",
      "name": "publicip",
      "provider": "provider[\"registry.terraform.io/hashicorp/azurerm\"]",
      "instances": [
        {
          "schema_version": 0,
          "attributes": {
            "allocation_method": "Static",
            "domain_name_label": null,
            "fqdn": null,
            "id": "/subscriptions/5c1ab61c-145c-425b-bf9c-ec791dfa4cc9/resourceGroups/myTFResourceGroup/providers/Microsoft.Network/publicIPAddresses/myTFPublicIP",
            "idle_timeout_in_minutes": 4,
            "ip_address": "13.77.136.164",
            "ip_version": "IPv4",
            "location": "westus2",
            "name": "myTFPublicIP",
            "public_ip_prefix_id": null,
            "resource_group_name": "myTFResourceGroup",
            "reverse_fqdn": null,
            "sku": "Basic",
            "tags": {},
            "timeouts": null,
            "zones": []
          },
          "sensitive_attributes": [],
          "private": "eyJlMmJmYjczMC1lY2FhLTExZTYtOGY4OC0zNDM2M2JjN2M0YzAiOnsiY3JlYXRlIjoxODAwMDAwMDAwMDAwLCJkZWxldGUiOjE4MDAwMDAwMDAwMDAsInJlYWQiOjMwMDAwMDAwMDAwMCwidXBkYXRlIjoxODAwMDAwMDAwMDAwfX0=",
          "dependencies": [
            "azurerm_resource_group.rg"
          ]
        }
      ]
    },
    {
      "mode": "managed",
      "type": "azurerm_resource_group",
      "name": "rg",
      "provider": "provider[\"registry.terraform.io/hashicorp/azurerm\"]",
      "instances": [
        {
          "schema_version": 0,
          "attributes": {
            "id": "/subscriptions/5c1ab61c-145c-425b-bf9c-ec791dfa4cc9/resourceGroups/myTFResourceGroup",
            "location": "westus2",
            "name": "myTFResourceGroup",
            "tags": {},
            "timeouts": null
          },
          "sensitive_attributes": [],
          "private": "eyJlMmJmYjczMC1lY2FhLTExZTYtOGY4OC0zNDM2M2JjN2M0YzAiOnsiY3JlYXRlIjo1NDAwMDAwMDAwMDAwLCJkZWxldGUiOjU0MDAwMDAwMDAwMDAsInJlYWQiOjMwMDAwMDAwMDAwMCwidXBkYXRlIjo1NDAwMDAwMDAwMDAwfX0="
        }
      ]
    },
    {
      "mode": "managed",
      "type": "azurerm_storage_account",
      "name": "asa",
      "provider": "provider[\"registry.terraform.io/hashicorp/azurerm\"]",
      "instances": [
        {
          "schema_version": 2,
          "attributes": {
            "access_tier": "Hot",
            "account_kind": "StorageV2",
            "account_replication_type": "GRS",
            "account_tier": "Standard",
            "allow_blob_public_access": false,
            "blob_properties": [],
            "custom_domain": [],
            "enable_https_traffic_only": true,
            "id": "/subscriptions/5c1ab61c-145c-425b-bf9c-ec791dfa4cc9/resourceGroups/myTFResourceGroup/providers/Microsoft.Storage/storageAccounts/storage90accountname2343",
            "identity": [],
            "is_hns_enabled": false,
            "large_file_share_enabled": null,
            "location": "westus2",
            "min_tls_version": "TLS1_0",
            "name": "storage90accountname2343",
            "network_rules": [
              {
                "bypass": [
                  "AzureServices"
                ],
                "default_action": "Allow",
                "ip_rules": [],
                "virtual_network_subnet_ids": []
              }
            ],
            "primary_access_key": "k2TgKUCj4FMafdR0lXYtrgcERTyT0rbd1dqYaY4Ated7JgzHJTZMhMz0vMdvLmbJoNaFraUscx8Uehv/px9v0g==",
            "primary_blob_connection_string": "DefaultEndpointsProtocol=https;BlobEndpoint=https://storage90accountname2343.blob.core.windows.net/;AccountName=storage90accountname2343;AccountKey=k2TgKUCj4FMafdR0lXYtrgcERTyT0rbd1dqYaY4Ated7JgzHJTZMhMz0vMdvLmbJoNaFraUscx8Uehv/px9v0g==",
            "primary_blob_endpoint": "https://storage90accountname2343.blob.core.windows.net/",
            "primary_blob_host": "storage90accountname2343.blob.core.windows.net",
            "primary_connection_string": "DefaultEndpointsProtocol=https;AccountName=storage90accountname2343;AccountKey=k2TgKUCj4FMafdR0lXYtrgcERTyT0rbd1dqYaY4Ated7JgzHJTZMhMz0vMdvLmbJoNaFraUscx8Uehv/px9v0g==;EndpointSuffix=core.windows.net",
            "primary_dfs_endpoint": "https://storage90accountname2343.dfs.core.windows.net/",
            "primary_dfs_host": "storage90accountname2343.dfs.core.windows.net",
            "primary_file_endpoint": "https://storage90accountname2343.file.core.windows.net/",
            "primary_file_host": "storage90accountname2343.file.core.windows.net",
            "primary_location": "westus2",
            "primary_queue_endpoint": "https://storage90accountname2343.queue.core.windows.net/",
            "primary_queue_host": "storage90accountname2343.queue.core.windows.net",
            "primary_table_endpoint": "https://storage90accountname2343.table.core.windows.net/",
            "primary_table_host": "storage90accountname2343.table.core.windows.net",
            "primary_web_endpoint": "https://storage90accountname2343.z5.web.core.windows.net/",
            "primary_web_host": "storage90accountname2343.z5.web.core.windows.net",
            "queue_properties": [
              {
                "cors_rule": [],
                "hour_metrics": [
                  {
                    "enabled": true,
                    "include_apis": true,
                    "retention_policy_days": 7,
                    "version": "1.0"
                  }
                ],
                "logging": [
                  {
                    "delete": false,
                    "read": false,
                    "retention_policy_days": 0,
                    "version": "1.0",
                    "write": false
                  }
                ],
                "minute_metrics": [
                  {
                    "enabled": false,
                    "include_apis": false,
                    "retention_policy_days": 0,
                    "version": "1.0"
                  }
                ]
              }
            ],
            "resource_group_name": "myTFResourceGroup",
            "secondary_access_key": "flqgccF9oF+3rlzij9SIFUakHa47mafoCwE+c1WWOje3Yujl18i3BNlF/bTXT/uc+hlU8jIWRMt8DmpVm6Ca6Q==",
            "secondary_blob_connection_string": "",
            "secondary_blob_endpoint": null,
            "secondary_blob_host": null,
            "secondary_connection_string": "DefaultEndpointsProtocol=https;AccountName=storage90accountname2343;AccountKey=flqgccF9oF+3rlzij9SIFUakHa47mafoCwE+c1WWOje3Yujl18i3BNlF/bTXT/uc+hlU8jIWRMt8DmpVm6Ca6Q==;EndpointSuffix=core.windows.net",
            "secondary_dfs_endpoint": null,
            "secondary_dfs_host": null,
            "secondary_file_endpoint": null,
            "secondary_file_host": null,
            "secondary_location": "westcentralus",
            "secondary_queue_endpoint": null,
            "secondary_queue_host": null,
            "secondary_table_endpoint": null,
            "secondary_table_host": null,
            "secondary_web_endpoint": null,
            "secondary_web_host": null,
            "static_website": [],
            "tags": {},
            "timeouts": null
          },
          "sensitive_attributes": [],
          "private": "eyJlMmJmYjczMC1lY2FhLTExZTYtOGY4OC0zNDM2M2JjN2M0YzAiOnsiY3JlYXRlIjozNjAwMDAwMDAwMDAwLCJkZWxldGUiOjM2MDAwMDAwMDAwMDAsInJlYWQiOjMwMDAwMDAwMDAwMCwidXBkYXRlIjozNjAwMDAwMDAwMDAwfSwic2NoZW1hX3ZlcnNpb24iOiIyIn0=",
          "dependencies": [
            "azurerm_resource_group.rg"
          ]
        }
      ]
    },
    {
      "mode": "managed",
      "type": "azurerm_storage_container",
      "name": "asc",
      "provider": "provider[\"registry.terraform.io/hashicorp/azurerm\"]",
      "instances": [
        {
          "schema_version": 1,
          "attributes": {
            "container_access_type": "private",
            "has_immutability_policy": false,
            "has_legal_hold": false,
            "id": "https://storage90accountname2343.blob.core.windows.net/vhds",
            "metadata": {},
            "name": "vhds",
            "resource_manager_id": "/subscriptions/5c1ab61c-145c-425b-bf9c-ec791dfa4cc9/resourceGroups/myTFResourceGroup/providers/Microsoft.Storage/storageAccounts/storage90accountname2343/blobServices/default/containers/vhds",
            "storage_account_name": "storage90accountname2343",
            "timeouts": null
          },
          "sensitive_attributes": [],
          "private": "eyJlMmJmYjczMC1lY2FhLTExZTYtOGY4OC0zNDM2M2JjN2M0YzAiOnsiY3JlYXRlIjoxODAwMDAwMDAwMDAwLCJkZWxldGUiOjE4MDAwMDAwMDAwMDAsInJlYWQiOjMwMDAwMDAwMDAwMCwidXBkYXRlIjoxODAwMDAwMDAwMDAwfSwic2NoZW1hX3ZlcnNpb24iOiIxIn0=",
          "dependencies": [
            "azurerm_resource_group.rg",
            "azurerm_storage_account.asa"
          ]
        }
      ]
    },
    {
      "mode": "managed",
      "type": "azurerm_subnet",
      "name": "bastion",
      "provider": "provider[\"registry.terraform.io/hashicorp/azurerm\"]",
      "instances": [
        {
          "schema_version": 0,
          "attributes": {
            "address_prefix": "10.0.1.0/27",
            "address_prefixes": [
              "10.0.1.0/27"
            ],
            "delegation": [],
            "enforce_private_link_endpoint_network_policies": false,
            "enforce_private_link_service_network_policies": false,
            "id": "/subscriptions/5c1ab61c-145c-425b-bf9c-ec791dfa4cc9/resourceGroups/myTFResourceGroup/providers/Microsoft.Network/virtualNetworks/myTFVnet/subnets/AzureBastionSubnet",
            "name": "AzureBastionSubnet",
            "resource_group_name": "myTFResourceGroup",
            "service_endpoint_policy_ids": [],
            "service_endpoints": [],
            "timeouts": null,
            "virtual_network_name": "myTFVnet"
          },
          "sensitive_attributes": [],
          "dependencies": [
            "azurerm_resource_group.rg",
            "azurerm_virtual_network.vnet"
          ]
        }
      ]
    },
    {
      "mode": "managed",
      "type": "azurerm_subnet",
      "name": "subnet",
      "provider": "provider[\"registry.terraform.io/hashicorp/azurerm\"]",
      "instances": [
        {
          "schema_version": 0,
          "attributes": {
            "address_prefix": "10.0.0.0/24",
            "address_prefixes": [
              "10.0.0.0/24"
            ],
            "delegation": [],
            "enforce_private_link_endpoint_network_policies": false,
            "enforce_private_link_service_network_policies": false,
            "id": "/subscriptions/5c1ab61c-145c-425b-bf9c-ec791dfa4cc9/resourceGroups/myTFResourceGroup/providers/Microsoft.Network/virtualNetworks/myTFVnet/subnets/myTFSubnet",
            "name": "myTFSubnet",
            "resource_group_name": "myTFResourceGroup",
            "service_endpoint_policy_ids": [],
            "service_endpoints": [],
            "timeouts": null,
            "virtual_network_name": "myTFVnet"
          },
          "sensitive_attributes": [],
          "dependencies": [
            "azurerm_resource_group.rg",
            "azurerm_virtual_network.vnet"
          ]
        }
      ]
    },
    {
      "mode": "managed",
      "type": "azurerm_virtual_machine_scale_set",
      "name": "example",
      "provider": "provider[\"registry.terraform.io/hashicorp/azurerm\"]",
      "instances": [
        {
          "schema_version": 1,
          "attributes": {
            "automatic_os_upgrade": false,
            "boot_diagnostics": [],
            "eviction_policy": "",
            "extension": [],
            "health_probe_id": null,
            "id": "/subscriptions/5c1ab61c-145c-425b-bf9c-ec791dfa4cc9/resourceGroups/myTFResourceGroup/providers/Microsoft.Compute/virtualMachineScaleSets/vmsset",
            "identity": [],
            "license_type": "",
            "location": "westus2",
            "name": "vmsset",
            "network_profile": [
              {
                "accelerated_networking": false,
                "dns_settings": [
                  {
                    "dns_servers": []
                  }
                ],
                "ip_configuration": [
                  {
                    "application_gateway_backend_address_pool_ids": [],
                    "application_security_group_ids": [],
                    "load_balancer_backend_address_pool_ids": [
                      "/subscriptions/5c1ab61c-145c-425b-bf9c-ec791dfa4cc9/resourceGroups/myTFResourceGroup/providers/Microsoft.Network/loadBalancers/loadBalancer/backendAddressPools/BackEndAddressPool"
                    ],
                    "load_balancer_inbound_nat_rules_ids": [],
                    "name": "IPConfiguration",
                    "primary": true,
                    "public_ip_address_configuration": [],
                    "subnet_id": "/subscriptions/5c1ab61c-145c-425b-bf9c-ec791dfa4cc9/resourceGroups/myTFResourceGroup/providers/Microsoft.Network/virtualNetworks/myTFVnet/subnets/myTFSubnet"
                  }
                ],
                "ip_forwarding": false,
                "name": "terraformnetworkprofile",
                "network_security_group_id": "",
                "primary": true
              }
            ],
            "os_profile": [
              {
                "admin_password": "P@55w0rd1234!",
                "admin_username": "adminuser",
                "computer_name_prefix": "vmlab",
                "custom_data": ""
              }
            ],
            "os_profile_linux_config": [],
            "os_profile_secrets": [],
            "os_profile_windows_config": [],
            "overprovision": true,
            "plan": [],
            "priority": "",
            "proximity_placement_group_id": null,
            "resource_group_name": "myTFResourceGroup",
            "rolling_upgrade_policy": [],
            "single_placement_group": true,
            "sku": [
              {
                "capacity": 3,
                "name": "Standard_DS1_v2",
                "tier": "Standard"
              }
            ],
            "storage_profile_data_disk": [],
            "storage_profile_image_reference": [
              {
                "id": "",
                "offer": "WindowsServer",
                "publisher": "MicrosoftWindowsServer",
                "sku": "2019-Datacenter",
                "version": "latest"
              }
            ],
            "storage_profile_os_disk": [
              {
                "caching": "ReadWrite",
                "create_option": "FromImage",
                "image": "",
                "managed_disk_type": "Standard_LRS",
                "name": "",
                "os_type": "Windows",
                "vhd_containers": []
              }
            ],
            "tags": {},
            "timeouts": null,
            "upgrade_policy_mode": "Manual",
            "zones": []
          },
          "sensitive_attributes": [],
          "private": "eyJlMmJmYjczMC1lY2FhLTExZTYtOGY4OC0zNDM2M2JjN2M0YzAiOnsiY3JlYXRlIjozNjAwMDAwMDAwMDAwLCJkZWxldGUiOjM2MDAwMDAwMDAwMDAsInJlYWQiOjMwMDAwMDAwMDAwMCwidXBkYXRlIjozNjAwMDAwMDAwMDAwfSwic2NoZW1hX3ZlcnNpb24iOiIxIn0=",
          "dependencies": [
            "azurerm_lb_backend_address_pool.albap",
            "azurerm_resource_group.rg",
            "azurerm_subnet.subnet"
          ]
        }
      ]
    },
    {
      "mode": "managed",
      "type": "azurerm_virtual_network",
      "name": "vnet",
      "provider": "provider[\"registry.terraform.io/hashicorp/azurerm\"]",
      "instances": [
        {
          "schema_version": 0,
          "attributes": {
            "address_space": [
              "10.0.0.0/16"
            ],
            "bgp_community": "",
            "ddos_protection_plan": [],
            "dns_servers": [],
            "guid": "9dc39925-b313-448f-a925-7a46942ca218",
            "id": "/subscriptions/5c1ab61c-145c-425b-bf9c-ec791dfa4cc9/resourceGroups/myTFResourceGroup/providers/Microsoft.Network/virtualNetworks/myTFVnet",
            "location": "westus2",
            "name": "myTFVnet",
            "resource_group_name": "myTFResourceGroup",
            "subnet": [
              {
                "address_prefix": "10.0.0.0/24",
                "id": "/subscriptions/5c1ab61c-145c-425b-bf9c-ec791dfa4cc9/resourceGroups/myTFResourceGroup/providers/Microsoft.Network/virtualNetworks/myTFVnet/subnets/myTFSubnet",
                "name": "myTFSubnet",
                "security_group": ""
              },
              {
                "address_prefix": "10.0.1.0/27",
                "id": "/subscriptions/5c1ab61c-145c-425b-bf9c-ec791dfa4cc9/resourceGroups/myTFResourceGroup/providers/Microsoft.Network/virtualNetworks/myTFVnet/subnets/AzureBastionSubnet",
                "name": "AzureBastionSubnet",
                "security_group": ""
              }
            ],
            "tags": {},
            "timeouts": null,
            "vm_protection_enabled": false
          },
          "sensitive_attributes": [],
          "private": "eyJlMmJmYjczMC1lY2FhLTExZTYtOGY4OC0zNDM2M2JjN2M0YzAiOnsiY3JlYXRlIjoxODAwMDAwMDAwMDAwLCJkZWxldGUiOjE4MDAwMDAwMDAwMDAsInJlYWQiOjMwMDAwMDAwMDAwMCwidXBkYXRlIjoxODAwMDAwMDAwMDAwfX0=",
          "dependencies": [
            "azurerm_resource_group.rg"
          ]
        }
      ]
    }
  ]
}
